
Microsoft Visual Studio Solution File, Format Version 12.00
# Visual Studio 15
VisualStudioVersion = 15.0.26124.0
MinimumVisualStudioVersion = 15.0.26124.0
Project("{FAE04EC0-301F-11D3-BF4B-00C04F79EFBC}") = "API", "API\API.csproj", "{7CB7C10A-242C-4E2F-9536-5554FF316849}"
EndProject
Project("{FAE04EC0-301F-11D3-BF4B-00C04F79EFBC}") = "Core", "Core\Core.csproj", "{9573FF42-ED0A-40C0-90E8-E96918B33C34}"
EndProject
Project("{FAE04EC0-301F-11D3-BF4B-00C04F79EFBC}") = "Infrastructure", "Infrastructure\Infrastructure.csproj", "{1ACF2AA9-5E0D-4A58-B62F-676E921099FF}"
EndProject
Global
	GlobalSection(SolutionConfigurationPlatforms) = preSolution
		Debug|Any CPU = Debug|Any CPU
		Debug|x64 = Debug|x64
		Debug|x86 = Debug|x86
		Release|Any CPU = Release|Any CPU
		Release|x64 = Release|x64
		Release|x86 = Release|x86
	EndGlobalSection
	GlobalSection(SolutionProperties) = preSolution
		HideSolutionNode = FALSE
	EndGlobalSection
	GlobalSection(ProjectConfigurationPlatforms) = postSolution
		{7CB7C10A-242C-4E2F-9536-5554FF316849}.Debug|Any CPU.ActiveCfg = Debug|Any CPU
		{7CB7C10A-242C-4E2F-9536-5554FF316849}.Debug|Any CPU.Build.0 = Debug|Any CPU
		{7CB7C10A-242C-4E2F-9536-5554FF316849}.Debug|x64.ActiveCfg = Debug|Any CPU
		{7CB7C10A-242C-4E2F-9536-5554FF316849}.Debug|x64.Build.0 = Debug|Any CPU
		{7CB7C10A-242C-4E2F-9536-5554FF316849}.Debug|x86.ActiveCfg = Debug|Any CPU
		{7CB7C10A-242C-4E2F-9536-5554FF316849}.Debug|x86.Build.0 = Debug|Any CPU
		{7CB7C10A-242C-4E2F-9536-5554FF316849}.Release|Any CPU.ActiveCfg = Release|Any CPU
		{7CB7C10A-242C-4E2F-9536-5554FF316849}.Release|Any CPU.Build.0 = Release|Any CPU
		{7CB7C10A-242C-4E2F-9536-5554FF316849}.Release|x64.ActiveCfg = Release|Any CPU
		{7CB7C10A-242C-4E2F-9536-5554FF316849}.Release|x64.Build.0 = Release|Any CPU
		{7CB7C10A-242C-4E2F-9536-5554FF316849}.Release|x86.ActiveCfg = Release|Any CPU
		{7CB7C10A-242C-4E2F-9536-5554FF316849}.Release|x86.Build.0 = Release|Any CPU
		{9573FF42-ED0A-40C0-90E8-E96918B33C34}.Debug|Any CPU.ActiveCfg = Debug|Any CPU
		{9573FF42-ED0A-40C0-90E8-E96918B33C34}.Debug|Any CPU.Build.0 = Debug|Any CPU
		{9573FF42-ED0A-40C0-90E8-E96918B33C34}.Debug|x64.ActiveCfg = Debug|Any CPU
		{9573FF42-ED0A-40C0-90E8-E96918B33C34}.Debug|x64.Build.0 = Debug|Any CPU
		{9573FF42-ED0A-40C0-90E8-E96918B33C34}.Debug|x86.ActiveCfg = Debug|Any CPU
		{9573FF42-ED0A-40C0-90E8-E96918B33C34}.Debug|x86.Build.0 = Debug|Any CPU
		{9573FF42-ED0A-40C0-90E8-E96918B33C34}.Release|Any CPU.ActiveCfg = Release|Any CPU
		{9573FF42-ED0A-40C0-90E8-E96918B33C34}.Release|Any CPU.Build.0 = Release|Any CPU
		{9573FF42-ED0A-40C0-90E8-E96918B33C34}.Release|x64.ActiveCfg = Release|Any CPU
		{9573FF42-ED0A-40C0-90E8-E96918B33C34}.Release|x64.Build.0 = Release|Any CPU
		{9573FF42-ED0A-40C0-90E8-E96918B33C34}.Release|x86.ActiveCfg = Release|Any CPU
		{9573FF42-ED0A-40C0-90E8-E96918B33C34}.Release|x86.Build.0 = Release|Any CPU
		{1ACF2AA9-5E0D-4A58-B62F-676E921099FF}.Debug|Any CPU.ActiveCfg = Debug|Any CPU
		{1ACF2AA9-5E0D-4A58-B62F-676E921099FF}.Debug|Any CPU.Build.0 = Debug|Any CPU
		{1ACF2AA9-5E0D-4A58-B62F-676E921099FF}.Debug|x64.ActiveCfg = Debug|Any CPU
		{1ACF2AA9-5E0D-4A58-B62F-676E921099FF}.Debug|x64.Build.0 = Debug|Any CPU
		{1ACF2AA9-5E0D-4A58-B62F-676E921099FF}.Debug|x86.ActiveCfg = Debug|Any CPU
		{1ACF2AA9-5E0D-4A58-B62F-676E921099FF}.Debug|x86.Build.0 = Debug|Any CPU
		{1ACF2AA9-5E0D-4A58-B62F-676E921099FF}.Release|Any CPU.ActiveCfg = Release|Any CPU
		{1ACF2AA9-5E0D-4A58-B62F-676E921099FF}.Release|Any CPU.Build.0 = Release|Any CPU
		{1ACF2AA9-5E0D-4A58-B62F-676E921099FF}.Release|x64.ActiveCfg = Release|Any CPU
		{1ACF2AA9-5E0D-4A58-B62F-676E921099FF}.Release|x64.Build.0 = Release|Any CPU
		{1ACF2AA9-5E0D-4A58-B62F-676E921099FF}.Release|x86.ActiveCfg = Release|Any CPU
		{1ACF2AA9-5E0D-4A58-B62F-676E921099FF}.Release|x86.Build.0 = Release|Any CPU
	EndGlobalSection
EndGlobal
